<?xml version="1.0" encoding="utf-8"?>
<Project ToolsVersion="4.0" xmlns="http://schemas.microsoft.com/developer/msbuild/2003">
  <ItemGroup>
    <Filter Include="Source Files">
      <UniqueIdentifier>{4FC737F1-C7A5-4376-A066-2A32D752A2FF}</UniqueIdentifier>
      <Extensions>cpp;c;cc;cxx;c++;cppm;ixx;def;odl;idl;hpj;bat;asm;asmx</Extensions>
    </Filter>
    <Filter Include="Header Files">
      <UniqueIdentifier>{93995380-89BD-4b04-88EB-625FBE52EBFB}</UniqueIdentifier>
      <Extensions>h;hh;hpp;hxx;h++;hm;inl;inc;ipp;xsd</Extensions>
    </Filter>
    <Filter Include="Resource Files">
      <UniqueIdentifier>{67DA6AB6-F800-4c08-8B7A-83BB121AAD01}</UniqueIdentifier>
      <Extensions>rc;ico;cur;bmp;dlg;rc2;rct;bin;rgs;gif;jpg;jpeg;jpe;resx;tiff;tif;png;wav;mfcribbon-ms</Extensions>
    </Filter>
    <Filter Include="Shaders">
      <UniqueIdentifier>{b611ad5b-fc25-455f-8485-cb107475a64d}</UniqueIdentifier>
    </Filter>
    <Filter Include="Header Files\Components">
      <UniqueIdentifier>{1e16fd07-f3eb-4e8d-8372-0d94649ae0eb}</UniqueIdentifier>
    </Filter>
    <Filter Include="Header Files\ScaldCore">
      <UniqueIdentifier>{9ce4721d-6939-448c-9dac-3decbc97f846}</UniqueIdentifier>
    </Filter>
    <Filter Include="Source Files\ScaldCore">
      <UniqueIdentifier>{14704b2d-7063-477a-82fc-ff97a4519f75}</UniqueIdentifier>
    </Filter>
    <Filter Include="Header Files\ScaldCore\Input">
      <UniqueIdentifier>{a95d3e67-a939-47b2-a199-32f9ef0c3282}</UniqueIdentifier>
    </Filter>
    <Filter Include="Source Files\ScaldCore\Input">
      <UniqueIdentifier>{8eba2eb9-0709-40dd-8791-d1c441516287}</UniqueIdentifier>
    </Filter>
    <Filter Include="Source Files\ScaldCore\Engine">
      <UniqueIdentifier>{f69af9f4-b95d-46be-b33c-b85bae758882}</UniqueIdentifier>
    </Filter>
    <Filter Include="Header Files\ScaldCore\Engine">
      <UniqueIdentifier>{cdb5fd91-62a1-49c1-8935-abfac5e2b7f8}</UniqueIdentifier>
    </Filter>
    <Filter Include="Source Files\Geometry">
      <UniqueIdentifier>{72075c0b-d74e-4ee9-aa8a-169638603a63}</UniqueIdentifier>
    </Filter>
    <Filter Include="Header Files\Graphics">
      <UniqueIdentifier>{43cf548f-732d-4468-b41b-afd003214657}</UniqueIdentifier>
    </Filter>
    <Filter Include="Header Files\Geometry">
      <UniqueIdentifier>{6cb33027-92c4-4ea8-bc52-bbb6754a78b1}</UniqueIdentifier>
    </Filter>
    <Filter Include="Source Files\Components">
      <UniqueIdentifier>{9ce45420-ba8b-4267-9370-7b9c48a66645}</UniqueIdentifier>
    </Filter>
    <Filter Include="Source Files\Graphics">
      <UniqueIdentifier>{6b88bf89-4531-44f9-9ec9-e44cc9058530}</UniqueIdentifier>
    </Filter>
  </ItemGroup>
  <ItemGroup>
    <ClCompile Include="MySuper3DApp.cpp">
      <Filter>Source Files</Filter>
    </ClCompile>
    <ClCompile Include="ScaldException.cpp">
      <Filter>Source Files</Filter>
    </ClCompile>
    <ClCompile Include="ScaldCore\Input\InputDevice.cpp">
      <Filter>Source Files\ScaldCore\Input</Filter>
    </ClCompile>
    <ClCompile Include="ScaldCore\Engine\Engine.cpp">
      <Filter>Source Files\ScaldCore\Engine</Filter>
    </ClCompile>
    <ClCompile Include="Graphics\IndexBuffer.h">
      <Filter>Header Files\Graphics</Filter>
    </ClCompile>
    <ClCompile Include="Graphics\Graphics.cpp">
      <Filter>Source Files\Graphics</Filter>
    </ClCompile>
    <ClCompile Include="Objects\Components\Collision\CollisionComponent.cpp">
      <Filter>Source Files\Components</Filter>
    </ClCompile>
    <ClCompile Include="Objects\Components\RenderComponent.cpp">
      <Filter>Source Files\Components</Filter>
    </ClCompile>
    <ClCompile Include="Objects\Geometry\SceneGeometry.cpp">
      <Filter>Source Files\Geometry</Filter>
    </ClCompile>
    <ClCompile Include="ScaldCore\Engine\RenderWindow.cpp">
      <Filter>Source Files\ScaldCore\Engine</Filter>
    </ClCompile>
    <ClCompile Include="ScaldCore\Engine\ScaldTimer.cpp">
      <Filter>Source Files\ScaldCore\Engine</Filter>
    </ClCompile>
    <ClCompile Include="Delegates\Delegates.cpp">
      <Filter>Source Files</Filter>
    </ClCompile>
    <ClCompile Include="Objects\Components\InputComponent.cpp">
      <Filter>Source Files\Components</Filter>
    </ClCompile>
    <ClCompile Include="Objects\Components\TransformComponent.cpp">
      <Filter>Source Files\Components</Filter>
    </ClCompile>
    <ClCompile Include="Graphics\Camera\Camera.cpp">
      <Filter>Source Files\Graphics</Filter>
    </ClCompile>
    <ClCompile Include="Objects\Geometry\3D\Cube.cpp">
      <Filter>Source Files\Geometry</Filter>
    </ClCompile>
    <ClCompile Include="Objects\Geometry\3D\Sphere.cpp">
      <Filter>Source Files\Geometry</Filter>
    </ClCompile>
    <ClCompile Include="Objects\Geometry\3D\Shapes.cpp">
      <Filter>Source Files\Geometry</Filter>
    </ClCompile>
    <ClCompile Include="Graphics\Shaders.cpp">
      <Filter>Source Files\Graphics</Filter>
    </ClCompile>
    <ClCompile Include="Graphics\Model.cpp">
      <Filter>Source Files</Filter>
    </ClCompile>
    <ClCompile Include="Graphics\Mesh.cpp">
      <Filter>Source Files</Filter>
    </ClCompile>
    <ClCompile Include="Objects\Geometry\Actor.cpp">
      <Filter>Source Files</Filter>
    </ClCompile>
    <ClCompile Include="Graphics\Camera\ThirdPersonCamera.cpp">
      <Filter>Source Files</Filter>
    </ClCompile>
    <ClCompile Include="Objects\Components\SceneComponent.cpp">
      <Filter>Source Files</Filter>
    </ClCompile>
    <ClCompile Include="Games\Katamari\KatamariPlayer.cpp">
      <Filter>Source Files</Filter>
    </ClCompile>
    <ClCompile Include="Objects\Components\Movement\MovementComponent.cpp">
      <Filter>Source Files</Filter>
    </ClCompile>
    <ClCompile Include="Graphics\Shadows\ShadowMap.cpp">
      <Filter>Source Files</Filter>
    </ClCompile>
    <ClCompile Include="Games\Katamari\KatamariMovementComponent.cpp">
      <Filter>Source Files</Filter>
    </ClCompile>
    <ClCompile Include="Graphics\Light\Light.cpp">
      <Filter>Source Files</Filter>
    </ClCompile>
    <ClCompile Include="Graphics\Light\PointLight.cpp">
      <Filter>Source Files</Filter>
    </ClCompile>
    <ClCompile Include="Graphics\Light\DirectionalLight.cpp">
      <Filter>Source Files</Filter>
    </ClCompile>
    <ClCompile Include="Graphics\Light\SpotLight.cpp">
      <Filter>Source Files</Filter>
    </ClCompile>
    <ClCompile Include="Graphics\Render\DeferredRenderer.cpp">
      <Filter>Source Files</Filter>
    </ClCompile>
    <ClCompile Include="Graphics\Render\ForwardRenderer.cpp">
      <Filter>Source Files</Filter>
    </ClCompile>
    <ClCompile Include="Graphics\Render\Renderer.cpp">
      <Filter>Source Files</Filter>
    </ClCompile>
    <ClCompile Include="Graphics\Shadows\CascadeShadowMap.cpp">
      <Filter>Source Files</Filter>
    </ClCompile>
  </ItemGroup>
  <ItemGroup>
    <ClInclude Include="ScaldException.h">
      <Filter>Header Files</Filter>
    </ClInclude>
    <ClInclude Include="ScaldCore\Input\InputDevice.h">
      <Filter>Header Files\ScaldCore\Input</Filter>
    </ClInclude>
    <ClInclude Include="ScaldCore\Engine\Engine.h">
      <Filter>Header Files\ScaldCore\Engine</Filter>
    </ClInclude>
    <ClInclude Include="Graphics\ConstantBuffer.h">
      <Filter>Header Files\Graphics</Filter>
    </ClInclude>
    <ClInclude Include="Graphics\Graphics.h">
      <Filter>Header Files\Graphics</Filter>
    </ClInclude>
    <ClInclude Include="Graphics\VertexBuffer.h">
      <Filter>Header Files\Graphics</Filter>
    </ClInclude>
    <ClInclude Include="Objects\Geometry\SceneGeometry.h">
      <Filter>Header Files\Geometry</Filter>
    </ClInclude>
    <ClInclude Include="ScaldCore\Input\Keys.h">
      <Filter>Header Files\ScaldCore\Input</Filter>
    </ClInclude>
    <ClInclude Include="Objects\Components\Collision\CollisionComponent.h">
      <Filter>Header Files\Components</Filter>
    </ClInclude>
    <ClInclude Include="Objects\Components\ScaldComponent.h">
      <Filter>Header Files\Components</Filter>
    </ClInclude>
    <ClInclude Include="Objects\Components\RenderComponent.h">
      <Filter>Header Files\Components</Filter>
    </ClInclude>
    <ClInclude Include="ScaldCore\Engine\RenderWindow.h">
      <Filter>Header Files\ScaldCore\Engine</Filter>
    </ClInclude>
    <ClInclude Include="Graphics\ScaldCoreTypes.h">
      <Filter>Header Files\Graphics</Filter>
    </ClInclude>
    <ClInclude Include="ScaldCore\Engine\ScaldTimer.h">
      <Filter>Header Files\ScaldCore\Engine</Filter>
    </ClInclude>
    <ClInclude Include="ScaldCore\Engine\ScaldWindows.h">
      <Filter>Header Files\ScaldCore\Engine</Filter>
    </ClInclude>
    <ClInclude Include="Delegates\catch.hpp">
      <Filter>Header Files</Filter>
    </ClInclude>
    <ClInclude Include="Delegates\Delegates.h">
      <Filter>Header Files</Filter>
    </ClInclude>
    <ClInclude Include="Graphics\Camera\Camera.h">
      <Filter>Header Files\Graphics</Filter>
    </ClInclude>
    <ClInclude Include="Objects\Components\InputComponent.h">
      <Filter>Header Files\Components</Filter>
    </ClInclude>
    <ClInclude Include="Objects\Components\TransformComponent.h">
      <Filter>Header Files\Components</Filter>
    </ClInclude>
    <ClInclude Include="Objects\Geometry\3D\Shapes.h">
      <Filter>Header Files\Geometry</Filter>
    </ClInclude>
    <ClInclude Include="Objects\Geometry\3D\Sphere.h">
      <Filter>Header Files\Geometry</Filter>
    </ClInclude>
    <ClInclude Include="Objects\Geometry\3D\Cube.h">
      <Filter>Header Files\Geometry</Filter>
    </ClInclude>
    <ClInclude Include="Graphics\Shaders.h">
      <Filter>Header Files\Graphics</Filter>
    </ClInclude>
    <ClInclude Include="Graphics\Model.h">
      <Filter>Header Files</Filter>
    </ClInclude>
    <ClInclude Include="Graphics\Mesh.h">
      <Filter>Header Files</Filter>
    </ClInclude>
    <ClInclude Include="Objects\Geometry\Actor.h">
      <Filter>Header Files</Filter>
    </ClInclude>
    <ClInclude Include="Data\ModelData.h">
      <Filter>Header Files</Filter>
    </ClInclude>
    <ClInclude Include="Graphics\Camera\ThirdPersonCamera.h">
      <Filter>Header Files</Filter>
    </ClInclude>
    <ClInclude Include="Objects\ScaldObject.h">
      <Filter>Header Files</Filter>
    </ClInclude>
    <ClInclude Include="Objects\Components\SceneComponent.h">
      <Filter>Header Files</Filter>
    </ClInclude>
    <ClInclude Include="Games\Katamari\KatamariPlayer.h">
      <Filter>Header Files</Filter>
    </ClInclude>
    <ClInclude Include="Objects\Components\Movement\MovementComponent.h">
      <Filter>Header Files</Filter>
    </ClInclude>
    <ClInclude Include="Graphics\Shadows\ShadowMap.h">
      <Filter>Header Files</Filter>
    </ClInclude>
    <ClInclude Include="Games\Katamari\KatamariMovementComponent.h">
      <Filter>Header Files</Filter>
    </ClInclude>
    <ClInclude Include="Graphics\Light\LightHelper.h">
      <Filter>Header Files</Filter>
    </ClInclude>
    <ClInclude Include="Graphics\Light\Light.h">
      <Filter>Header Files</Filter>
    </ClInclude>
    <ClInclude Include="Graphics\Light\DirectionalLight.h">
      <Filter>Header Files</Filter>
    </ClInclude>
    <ClInclude Include="Graphics\Light\PointLight.h">
      <Filter>Header Files</Filter>
    </ClInclude>
    <ClInclude Include="Graphics\Light\SpotLight.h">
      <Filter>Header Files</Filter>
    </ClInclude>
    <ClInclude Include="Graphics\Render\DeferredRenderer.h">
      <Filter>Header Files</Filter>
    </ClInclude>
    <ClInclude Include="Graphics\Render\ForwardRenderer.h">
      <Filter>Header Files</Filter>
    </ClInclude>
    <ClInclude Include="Graphics\Render\Renderer.h">
      <Filter>Header Files</Filter>
    </ClInclude>
    <ClInclude Include="Graphics\Shadows\CascadeShadowMap.h">
      <Filter>Header Files</Filter>
    </ClInclude>
  </ItemGroup>
  <ItemGroup>
    <FxCompile Include="Shaders\VertexShader.hlsl" />
    <FxCompile Include="Shaders\ShadowVertexShader.hlsl" />
    <FxCompile Include="Shaders\CSMGeometryShader.hlsl" />
    <FxCompile Include="Shaders\DeferredLightingPS.hlsl" />
    <FxCompile Include="Shaders\DeferredLightingVS.hlsl" />
    <FxCompile Include="Shaders\DeferredOpaquePS.hlsl" />
    <FxCompile Include="Shaders\DeferredOpaqueVS.hlsl" />
    <FxCompile Include="Shaders\PixelShader.hlsl" />
    <FxCompile Include="Shaders\GBufferVS.hlsl">
      <Filter>Shaders</Filter>
    </FxCompile>
    <FxCompile Include="Shaders\GBufferPS.hlsl">
      <Filter>Shaders</Filter>
    </FxCompile>
  </ItemGroup>
  <ItemGroup>
    <Natvis Include="Delegates\Delegates.natvis" />
  </ItemGroup>
  <ItemGroup>
    <None Include="Shaders\ShaderTypes.hlsli">
      <Filter>Shaders</Filter>
    </None>
    <None Include="packages.config" />
    <None Include="Shaders\GeometryCSMShader.hlsli" />
  </ItemGroup>
  <ItemGroup>
    <Image Include="Textures\test_texture.png">
      <Filter>Resource Files</Filter>
    </Image>
  </ItemGroup>
</Project>